
Microsoft Visual Studio Solution File, Format Version 12.00
# Visual Studio 15
VisualStudioVersion = 15.0.28307.489
MinimumVisualStudioVersion = 10.0.40219.1
Project("{FAE04EC0-301F-11D3-BF4B-00C04F79EFBC}") = "Sistema Evaluacion Desempeno", "Sistema Evaluacion Desempeno\Sistema Evaluacion Desempeno.csproj", "{636F7E5D-F572-44EC-A943-C62ECDA8D54A}"
EndProject
Project("{FAE04EC0-301F-11D3-BF4B-00C04F79EFBC}") = "Logica", "Logica\Logica.csproj", "{B78E535E-B8C6-4C44-8280-89DFE5EEDBFA}"
EndProject
Project("{FAE04EC0-301F-11D3-BF4B-00C04F79EFBC}") = "Datos", "Datos\Datos.csproj", "{86D0B2D1-7280-49C6-9417-58693DE95A42}"
EndProject
Project("{FAE04EC0-301F-11D3-BF4B-00C04F79EFBC}") = "Entidades", "Entidades\Entidades.csproj", "{6AA8B6B5-BDC5-4828-A975-C2DA743BA0C4}"
EndProject
Global
	GlobalSection(SolutionConfigurationPlatforms) = preSolution
		Debug|Any CPU = Debug|Any CPU
		Release|Any CPU = Release|Any CPU
	EndGlobalSection
	GlobalSection(ProjectConfigurationPlatforms) = postSolution
		{636F7E5D-F572-44EC-A943-C62ECDA8D54A}.Debug|Any CPU.ActiveCfg = Debug|Any CPU
		{636F7E5D-F572-44EC-A943-C62ECDA8D54A}.Debug|Any CPU.Build.0 = Debug|Any CPU
		{636F7E5D-F572-44EC-A943-C62ECDA8D54A}.Release|Any CPU.ActiveCfg = Release|Any CPU
		{636F7E5D-F572-44EC-A943-C62ECDA8D54A}.Release|Any CPU.Build.0 = Release|Any CPU
		{B78E535E-B8C6-4C44-8280-89DFE5EEDBFA}.Debug|Any CPU.ActiveCfg = Debug|Any CPU
		{B78E535E-B8C6-4C44-8280-89DFE5EEDBFA}.Debug|Any CPU.Build.0 = Debug|Any CPU
		{B78E535E-B8C6-4C44-8280-89DFE5EEDBFA}.Release|Any CPU.ActiveCfg = Release|Any CPU
		{B78E535E-B8C6-4C44-8280-89DFE5EEDBFA}.Release|Any CPU.Build.0 = Release|Any CPU
		{86D0B2D1-7280-49C6-9417-58693DE95A42}.Debug|Any CPU.ActiveCfg = Debug|Any CPU
		{86D0B2D1-7280-49C6-9417-58693DE95A42}.Debug|Any CPU.Build.0 = Debug|Any CPU
		{86D0B2D1-7280-49C6-9417-58693DE95A42}.Release|Any CPU.ActiveCfg = Release|Any CPU
		{86D0B2D1-7280-49C6-9417-58693DE95A42}.Release|Any CPU.Build.0 = Release|Any CPU
		{6AA8B6B5-BDC5-4828-A975-C2DA743BA0C4}.Debug|Any CPU.ActiveCfg = Debug|Any CPU
		{6AA8B6B5-BDC5-4828-A975-C2DA743BA0C4}.Debug|Any CPU.Build.0 = Debug|Any CPU
		{6AA8B6B5-BDC5-4828-A975-C2DA743BA0C4}.Release|Any CPU.ActiveCfg = Release|Any CPU
		{6AA8B6B5-BDC5-4828-A975-C2DA743BA0C4}.Release|Any CPU.Build.0 = Release|Any CPU
	EndGlobalSection
	GlobalSection(SolutionProperties) = preSolution
		HideSolutionNode = FALSE
	EndGlobalSection
	GlobalSection(ExtensibilityGlobals) = postSolution
		SolutionGuid = {4F162F41-1BB5-4733-9F15-563CD8EB15A7}
	EndGlobalSection
EndGlobal
